
Microsoft Visual Studio Solution File, Format Version 12.00
# Visual Studio Version 16
VisualStudioVersion = 16.0.31105.61
MinimumVisualStudioVersion = 10.0.40219.1
Project("{FAE04EC0-301F-11D3-BF4B-00C04F79EFBC}") = "Calculator", "Calculator.csproj", "{3EDEF739-1D81-4522-A003-89417E43878F}"
EndProject
Project("{FAE04EC0-301F-11D3-BF4B-00C04F79EFBC}") = "ConsoleApp1", "..\ConsoleApp1\ConsoleApp1.csproj", "{7FD433CD-A275-443C-B4BC-38A8FD1D05B1}"
EndProject
Global
	GlobalSection(SolutionConfigurationPlatforms) = preSolution
		Debug|Any CPU = Debug|Any CPU
		Release|Any CPU = Release|Any CPU
	EndGlobalSection
	GlobalSection(ProjectConfigurationPlatforms) = postSolution
		{3EDEF739-1D81-4522-A003-89417E43878F}.Debug|Any CPU.ActiveCfg = Debug|Any CPU
		{3EDEF739-1D81-4522-A003-89417E43878F}.Debug|Any CPU.Build.0 = Debug|Any CPU
		{3EDEF739-1D81-4522-A003-89417E43878F}.Release|Any CPU.ActiveCfg = Release|Any CPU
		{3EDEF739-1D81-4522-A003-89417E43878F}.Release|Any CPU.Build.0 = Release|Any CPU
		{7FD433CD-A275-443C-B4BC-38A8FD1D05B1}.Debug|Any CPU.ActiveCfg = Debug|Any CPU
		{7FD433CD-A275-443C-B4BC-38A8FD1D05B1}.Debug|Any CPU.Build.0 = Debug|Any CPU
		{7FD433CD-A275-443C-B4BC-38A8FD1D05B1}.Release|Any CPU.ActiveCfg = Release|Any CPU
		{7FD433CD-A275-443C-B4BC-38A8FD1D05B1}.Release|Any CPU.Build.0 = Release|Any CPU
	EndGlobalSection
	GlobalSection(SolutionProperties) = preSolution
		HideSolutionNode = FALSE
	EndGlobalSection
	GlobalSection(ExtensibilityGlobals) = postSolution
		SolutionGuid = {A6642E8E-4140-46CB-99CA-17E4EDC0F191}
	EndGlobalSection
EndGlobal
